// !$*UTF8*$!
{
	archiveVersion = 1;
	classes = {
	};
	objectVersion = 55;
	objects = {

/* Begin PBXBuildFile section */
		685491A729937F40003957EE /* AppDelegate.swift in Sources */ = {isa = PBXBuildFile; fileRef = 685491A629937F40003957EE /* AppDelegate.swift */; };
		685491A929937F40003957EE /* SceneDelegate.swift in Sources */ = {isa = PBXBuildFile; fileRef = 685491A829937F40003957EE /* SceneDelegate.swift */; };
		685491AB29937F40003957EE /* ViewController.swift in Sources */ = {isa = PBXBuildFile; fileRef = 685491AA29937F40003957EE /* ViewController.swift */; };
		685491AE29937F40003957EE /* Main.storyboard in Resources */ = {isa = PBXBuildFile; fileRef = 685491AC29937F40003957EE /* Main.storyboard */; };
		685491B029937F43003957EE /* Assets.xcassets in Resources */ = {isa = PBXBuildFile; fileRef = 685491AF29937F43003957EE /* Assets.xcassets */; };
		685491B329937F43003957EE /* LaunchScreen.storyboard in Resources */ = {isa = PBXBuildFile; fileRef = 685491B129937F43003957EE /* LaunchScreen.storyboard */; };
		685491BB29938306003957EE /* MyCell.xib in Resources */ = {isa = PBXBuildFile; fileRef = 685491BA29938306003957EE /* MyCell.xib */; };
		685491BD29938399003957EE /* MyCell.swift in Sources */ = {isa = PBXBuildFile; fileRef = 685491BC29938399003957EE /* MyCell.swift */; };
		685491BF2994BA82003957EE /* SecondViewController.swift in Sources */ = {isa = PBXBuildFile; fileRef = 685491BE2994BA82003957EE /* SecondViewController.swift */; };
		685491C12994BA88003957EE /* ThirdViewController.swift in Sources */ = {isa = PBXBuildFile; fileRef = 685491C02994BA88003957EE /* ThirdViewController.swift */; };
		685491C52995CF2F003957EE /* TabViewController.swift in Sources */ = {isa = PBXBuildFile; fileRef = 685491C42995CF2F003957EE /* TabViewController.swift */; };
		9E868163D422765463E014F6 /* Pods_CompositionalCollectionView.framework in Frameworks */ = {isa = PBXBuildFile; fileRef = 44782EBCE94E6059BE511635 /* Pods_CompositionalCollectionView.framework */; };
/* End PBXBuildFile section */

/* Begin PBXFileReference section */
		44782EBCE94E6059BE511635 /* Pods_CompositionalCollectionView.framework */ = {isa = PBXFileReference; explicitFileType = wrapper.framework; includeInIndex = 0; path = Pods_CompositionalCollectionView.framework; sourceTree = BUILT_PRODUCTS_DIR; };
		685491A329937F40003957EE /* CompositionalCollectionView.app */ = {isa = PBXFileReference; explicitFileType = wrapper.application; includeInIndex = 0; path = CompositionalCollectionView.app; sourceTree = BUILT_PRODUCTS_DIR; };
		685491A629937F40003957EE /* AppDelegate.swift */ = {isa = PBXFileReference; lastKnownFileType = sourcecode.swift; path = AppDelegate.swift; sourceTree = "<group>"; };
		685491A829937F40003957EE /* SceneDelegate.swift */ = {isa = PBXFileReference; lastKnownFileType = sourcecode.swift; path = SceneDelegate.swift; sourceTree = "<group>"; };
		685491AA29937F40003957EE /* ViewController.swift */ = {isa = PBXFileReference; lastKnownFileType = sourcecode.swift; path = ViewController.swift; sourceTree = "<group>"; };
		685491AD29937F40003957EE /* Base */ = {isa = PBXFileReference; lastKnownFileType = file.storyboard; name = Base; path = Base.lproj/Main.storyboard; sourceTree = "<group>"; };
		685491AF29937F43003957EE /* Assets.xcassets */ = {isa = PBXFileReference; lastKnownFileType = folder.assetcatalog; path = Assets.xcassets; sourceTree = "<group>"; };
		685491B229937F43003957EE /* Base */ = {isa = PBXFileReference; lastKnownFileType = file.storyboard; name = Base; path = Base.lproj/LaunchScreen.storyboard; sourceTree = "<group>"; };
		685491B429937F43003957EE /* Info.plist */ = {isa = PBXFileReference; lastKnownFileType = text.plist.xml; path = Info.plist; sourceTree = "<group>"; };
		685491BA29938306003957EE /* MyCell.xib */ = {isa = PBXFileReference; lastKnownFileType = file.xib; path = MyCell.xib; sourceTree = "<group>"; };
		685491BC29938399003957EE /* MyCell.swift */ = {isa = PBXFileReference; lastKnownFileType = sourcecode.swift; path = MyCell.swift; sourceTree = "<group>"; };
		685491BE2994BA82003957EE /* SecondViewController.swift */ = {isa = PBXFileReference; lastKnownFileType = sourcecode.swift; path = SecondViewController.swift; sourceTree = "<group>"; };
		685491C02994BA88003957EE /* ThirdViewController.swift */ = {isa = PBXFileReference; lastKnownFileType = sourcecode.swift; path = ThirdViewController.swift; sourceTree = "<group>"; };
		685491C42995CF2F003957EE /* TabViewController.swift */ = {isa = PBXFileReference; lastKnownFileType = sourcecode.swift; path = TabViewController.swift; sourceTree = "<group>"; };
		960341FE360A26FE3C8760CF /* Pods-CompositionalCollectionView.release.xcconfig */ = {isa = PBXFileReference; includeInIndex = 1; lastKnownFileType = text.xcconfig; name = "Pods-CompositionalCollectionView.release.xcconfig"; path = "Target Support Files/Pods-CompositionalCollectionView/Pods-CompositionalCollectionView.release.xcconfig"; sourceTree = "<group>"; };
		F030D7D1DADD884FBD78DE20 /* Pods-CompositionalCollectionView.debug.xcconfig */ = {isa = PBXFileReference; includeInIndex = 1; lastKnownFileType = text.xcconfig; name = "Pods-CompositionalCollectionView.debug.xcconfig"; path = "Target Support Files/Pods-CompositionalCollectionView/Pods-CompositionalCollectionView.debug.xcconfig"; sourceTree = "<group>"; };
/* End PBXFileReference section */

/* Begin PBXFrameworksBuildPhase section */
		685491A029937F40003957EE /* Frameworks */ = {
			isa = PBXFrameworksBuildPhase;
			buildActionMask = 2147483647;
			files = (
				9E868163D422765463E014F6 /* Pods_CompositionalCollectionView.framework in Frameworks */,
			);
			runOnlyForDeploymentPostprocessing = 0;
		};
/* End PBXFrameworksBuildPhase section */

/* Begin PBXGroup section */
		48D302D7BF882932C7EFD13A /* Frameworks */ = {
			isa = PBXGroup;
			children = (
				44782EBCE94E6059BE511635 /* Pods_CompositionalCollectionView.framework */,
			);
			name = Frameworks;
			sourceTree = "<group>";
		};
		6854919A29937F40003957EE = {
			isa = PBXGroup;
			children = (
				685491A529937F40003957EE /* CompositionalCollectionView */,
				685491A429937F40003957EE /* Products */,
				8A613AB8213838E511617B05 /* Pods */,
				48D302D7BF882932C7EFD13A /* Frameworks */,
			);
			sourceTree = "<group>";
		};
		685491A429937F40003957EE /* Products */ = {
			isa = PBXGroup;
			children = (
				685491A329937F40003957EE /* CompositionalCollectionView.app */,
			);
			name = Products;
			sourceTree = "<group>";
		};
		685491A529937F40003957EE /* CompositionalCollectionView */ = {
			isa = PBXGroup;
			children = (
				685491A629937F40003957EE /* AppDelegate.swift */,
				685491A829937F40003957EE /* SceneDelegate.swift */,
				685491AA29937F40003957EE /* ViewController.swift */,
				685491BA29938306003957EE /* MyCell.xib */,
				685491BC29938399003957EE /* MyCell.swift */,
				685491AC29937F40003957EE /* Main.storyboard */,
				685491C42995CF2F003957EE /* TabViewController.swift */,
				685491BE2994BA82003957EE /* SecondViewController.swift */,
				685491C02994BA88003957EE /* ThirdViewController.swift */,
				685491AF29937F43003957EE /* Assets.xcassets */,
				685491B129937F43003957EE /* LaunchScreen.storyboard */,
				685491B429937F43003957EE /* Info.plist */,
			);
			path = CompositionalCollectionView;
			sourceTree = "<group>";
		};
		8A613AB8213838E511617B05 /* Pods */ = {
			isa = PBXGroup;
			children = (
				F030D7D1DADD884FBD78DE20 /* Pods-CompositionalCollectionView.debug.xcconfig */,
				960341FE360A26FE3C8760CF /* Pods-CompositionalCollectionView.release.xcconfig */,
			);
			path = Pods;
			sourceTree = "<group>";
		};
/* End PBXGroup section */

/* Begin PBXNativeTarget section */
		685491A229937F40003957EE /* CompositionalCollectionView */ = {
			isa = PBXNativeTarget;
			buildConfigurationList = 685491B729937F43003957EE /* Build configuration list for PBXNativeTarget "CompositionalCollectionView" */;
			buildPhases = (
				99348CA9CD498004B6108A6D /* [CP] Check Pods Manifest.lock */,
				6854919F29937F40003957EE /* Sources */,
				685491A029937F40003957EE /* Frameworks */,
				685491A129937F40003957EE /* Resources */,
				E0583F0460253F1014EABF1F /* [CP] Embed Pods Frameworks */,
			);
			buildRules = (
			);
			dependencies = (
			);
			name = CompositionalCollectionView;
			productName = CompositionalCollectionView;
			productReference = 685491A329937F40003957EE /* CompositionalCollectionView.app */;
			productType = "com.apple.product-type.application";
		};
/* End PBXNativeTarget section */

/* Begin PBXProject section */
		6854919B29937F40003957EE /* Project object */ = {
			isa = PBXProject;
			attributes = {
				BuildIndependentTargetsInParallel = 1;
				LastSwiftUpdateCheck = 1410;
				LastUpgradeCheck = 1410;
				TargetAttributes = {
					685491A229937F40003957EE = {
						CreatedOnToolsVersion = 14.1;
					};
				};
			};
			buildConfigurationList = 6854919E29937F40003957EE /* Build configuration list for PBXProject "CompositionalCollectionView" */;
			compatibilityVersion = "Xcode 13.0";
			developmentRegion = en;
			hasScannedForEncodings = 0;
			knownRegions = (
				en,
				Base,
			);
			mainGroup = 6854919A29937F40003957EE;
			productRefGroup = 685491A429937F40003957EE /* Products */;
			projectDirPath = "";
			projectRoot = "";
			targets = (
				685491A229937F40003957EE /* CompositionalCollectionView */,
			);
		};
/* End PBXProject section */

/* Begin PBXResourcesBuildPhase section */
		685491A129937F40003957EE /* Resources */ = {
			isa = PBXResourcesBuildPhase;
			buildActionMask = 2147483647;
			files = (
				685491B329937F43003957EE /* LaunchScreen.storyboard in Resources */,
				685491BB29938306003957EE /* MyCell.xib in Resources */,
				685491B029937F43003957EE /* Assets.xcassets in Resources */,
				685491AE29937F40003957EE /* Main.storyboard in Resources */,
			);
			runOnlyForDeploymentPostprocessing = 0;
		};
/* End PBXResourcesBuildPhase section */

/* Begin PBXShellScriptBuildPhase section */
		99348CA9CD498004B6108A6D /* [CP] Check Pods Manifest.lock */ = {
			isa = PBXShellScriptBuildPhase;
			buildActionMask = 2147483647;
			files = (
			);
			inputFileListPaths = (
			);
			inputPaths = (
				"${PODS_PODFILE_DIR_PATH}/Podfile.lock",
				"${PODS_ROOT}/Manifest.lock",
			);
			name = "[CP] Check Pods Manifest.lock";
			outputFileListPaths = (
			);
			outputPaths = (
				"$(DERIVED_FILE_DIR)/Pods-CompositionalCollectionView-checkManifestLockResult.txt",
			);
			runOnlyForDeploymentPostprocessing = 0;
			shellPath = /bin/sh;
			shellScript = "diff \"${PODS_PODFILE_DIR_PATH}/Podfile.lock\" \"${PODS_ROOT}/Manifest.lock\" > /dev/null\nif [ $? != 0 ] ; then\n    # print error to STDERR\n    echo \"error: The sandbox is not in sync with the Podfile.lock. Run 'pod install' or update your CocoaPods installation.\" >&2\n    exit 1\nfi\n# This output is used by Xcode 'outputs' to avoid re-running this script phase.\necho \"SUCCESS\" > \"${SCRIPT_OUTPUT_FILE_0}\"\n";
			showEnvVarsInLog = 0;
		};
		E0583F0460253F1014EABF1F /* [CP] Embed Pods Frameworks */ = {
			isa = PBXShellScriptBuildPhase;
			buildActionMask = 2147483647;
			files = (
			);
			inputFileListPaths = (
				"${PODS_ROOT}/Target Support Files/Pods-CompositionalCollectionView/Pods-CompositionalCollectionView-frameworks-${CONFIGURATION}-input-files.xcfilelist",
			);
			name = "[CP] Embed Pods Frameworks";
			outputFileListPaths = (
				"${PODS_ROOT}/Target Support Files/Pods-CompositionalCollectionView/Pods-CompositionalCollectionView-frameworks-${CONFIGURATION}-output-files.xcfilelist",
			);
			runOnlyForDeploymentPostprocessing = 0;
			shellPath = /bin/sh;
			shellScript = "\"${PODS_ROOT}/Target Support Files/Pods-CompositionalCollectionView/Pods-CompositionalCollectionView-frameworks.sh\"\n";
			showEnvVarsInLog = 0;
		};
/* End PBXShellScriptBuildPhase section */

/* Begin PBXSourcesBuildPhase section */
		6854919F29937F40003957EE /* Sources */ = {
			isa = PBXSourcesBuildPhase;
			buildActionMask = 2147483647;
			files = (
				685491AB29937F40003957EE /* ViewController.swift in Sources */,
				685491BD29938399003957EE /* MyCell.swift in Sources */,
				685491A729937F40003957EE /* AppDelegate.swift in Sources */,
				685491BF2994BA82003957EE /* SecondViewController.swift in Sources */,
				685491C12994BA88003957EE /* ThirdViewController.swift in Sources */,
				685491A929937F40003957EE /* SceneDelegate.swift in Sources */,
				685491C52995CF2F003957EE /* TabViewController.swift in Sources */,
			);
			runOnlyForDeploymentPostprocessing = 0;
		};
/* End PBXSourcesBuildPhase section */

/* Begin PBXVariantGroup section */
		685491AC29937F40003957EE /* Main.storyboard */ = {
			isa = PBXVariantGroup;
			children = (
				685491AD29937F40003957EE /* Base */,
			);
			name = Main.storyboard;
			sourceTree = "<group>";
		};
		685491B129937F43003957EE /* LaunchScreen.storyboard */ = {
			isa = PBXVariantGroup;
			children = (
				685491B229937F43003957EE /* Base */,
			);
			name = LaunchScreen.storyboard;
			sourceTree = "<group>";
		};
/* End PBXVariantGroup section */

/* Begin XCBuildConfiguration section */
		685491B529937F43003957EE /* Debug */ = {
			isa = XCBuildConfiguration;
			buildSettings = {
				ALWAYS_SEARCH_USER_PATHS = NO;
				CLANG_ANALYZER_NONNULL = YES;
				CLANG_ANALYZER_NUMBER_OBJECT_CONVERSION = YES_AGGRESSIVE;
				CLANG_CXX_LANGUAGE_STANDARD = "gnu++20";
				CLANG_ENABLE_MODULES = YES;
				CLANG_ENABLE_OBJC_ARC = YES;
				CLANG_ENABLE_OBJC_WEAK = YES;
				CLANG_WARN_BLOCK_CAPTURE_AUTORELEASING = YES;
				CLANG_WARN_BOOL_CONVERSION = YES;
				CLANG_WARN_COMMA = YES;
				CLANG_WARN_CONSTANT_CONVERSION = YES;
				CLANG_WARN_DEPRECATED_OBJC_IMPLEMENTATIONS = YES;
				CLANG_WARN_DIRECT_OBJC_ISA_USAGE = YES_ERROR;
				CLANG_WARN_DOCUMENTATION_COMMENTS = YES;
				CLANG_WARN_EMPTY_BODY = YES;
				CLANG_WARN_ENUM_CONVERSION = YES;
				CLANG_WARN_INFINITE_RECURSION = YES;
				CLANG_WARN_INT_CONVERSION = YES;
				CLANG_WARN_NON_LITERAL_NULL_CONVERSION = YES;
				CLANG_WARN_OBJC_IMPLICIT_RETAIN_SELF = YES;
				CLANG_WARN_OBJC_LITERAL_CONVERSION = YES;
				CLANG_WARN_OBJC_ROOT_CLASS = YES_ERROR;
				CLANG_WARN_QUOTED_INCLUDE_IN_FRAMEWORK_HEADER = YES;
				CLANG_WARN_RANGE_LOOP_ANALYSIS = YES;
				CLANG_WARN_STRICT_PROTOTYPES = YES;
				CLANG_WARN_SUSPICIOUS_MOVE = YES;
				CLANG_WARN_UNGUARDED_AVAILABILITY = YES_AGGRESSIVE;
				CLANG_WARN_UNREACHABLE_CODE = YES;
				CLANG_WARN__DUPLICATE_METHOD_MATCH = YES;
				COPY_PHASE_STRIP = NO;
				DEBUG_INFORMATION_FORMAT = dwarf;
				ENABLE_STRICT_OBJC_MSGSEND = YES;
				ENABLE_TESTABILITY = YES;
				GCC_C_LANGUAGE_STANDARD = gnu11;
				GCC_DYNAMIC_NO_PIC = NO;
				GCC_NO_COMMON_BLOCKS = YES;
				GCC_OPTIMIZATION_LEVEL = 0;
				GCC_PREPROCESSOR_DEFINITIONS = (
					"DEBUG=1",
					"$(inherited)",
				);
				GCC_WARN_64_TO_32_BIT_CONVERSION = YES;
				GCC_WARN_ABOUT_RETURN_TYPE = YES_ERROR;
				GCC_WARN_UNDECLARED_SELECTOR = YES;
				GCC_WARN_UNINITIALIZED_AUTOS = YES_AGGRESSIVE;
				GCC_WARN_UNUSED_FUNCTION = YES;
				GCC_WARN_UNUSED_VARIABLE = YES;
				IPHONEOS_DEPLOYMENT_TARGET = 16.1;
				MTL_ENABLE_DEBUG_INFO = INCLUDE_SOURCE;
				MTL_FAST_MATH = YES;
				ONLY_ACTIVE_ARCH = YES;
				SDKROOT = iphoneos;
				SWIFT_ACTIVE_COMPILATION_CONDITIONS = DEBUG;
				SWIFT_OPTIMIZATION_LEVEL = "-Onone";
			};
			name = Debug;
		};
		685491B629937F43003957EE /* Release */ = {
			isa = XCBuildConfiguration;
			buildSettings = {
				ALWAYS_SEARCH_USER_PATHS = NO;
				CLANG_ANALYZER_NONNULL = YES;
				CLANG_ANALYZER_NUMBER_OBJECT_CONVERSION = YES_AGGRESSIVE;
				CLANG_CXX_LANGUAGE_STANDARD = "gnu++20";
				CLANG_ENABLE_MODULES = YES;
				CLANG_ENABLE_OBJC_ARC = YES;
				CLANG_ENABLE_OBJC_WEAK = YES;
				CLANG_WARN_BLOCK_CAPTURE_AUTORELEASING = YES;
				CLANG_WARN_BOOL_CONVERSION = YES;
				CLANG_WARN_COMMA = YES;
				CLANG_WARN_CONSTANT_CONVERSION = YES;
				CLANG_WARN_DEPRECATED_OBJC_IMPLEMENTATIONS = YES;
				CLANG_WARN_DIRECT_OBJC_ISA_USAGE = YES_ERROR;
				CLANG_WARN_DOCUMENTATION_COMMENTS = YES;
				CLANG_WARN_EMPTY_BODY = YES;
				CLANG_WARN_ENUM_CONVERSION = YES;
				CLANG_WARN_INFINITE_RECURSION = YES;
				CLANG_WARN_INT_CONVERSION = YES;
				CLANG_WARN_NON_LITERAL_NULL_CONVERSION = YES;
				CLANG_WARN_OBJC_IMPLICIT_RETAIN_SELF = YES;
				CLANG_WARN_OBJC_LITERAL_CONVERSION = YES;
				CLANG_WARN_OBJC_ROOT_CLASS = YES_ERROR;
				CLANG_WARN_QUOTED_INCLUDE_IN_FRAMEWORK_HEADER = YES;
				CLANG_WARN_RANGE_LOOP_ANALYSIS = YES;
				CLANG_WARN_STRICT_PROTOTYPES = YES;
				CLANG_WARN_SUSPICIOUS_MOVE = YES;
				CLANG_WARN_UNGUARDED_AVAILABILITY = YES_AGGRESSIVE;
				CLANG_WARN_UNREACHABLE_CODE = YES;
				CLANG_WARN__DUPLICATE_METHOD_MATCH = YES;
				COPY_PHASE_STRIP = NO;
				DEBUG_INFORMATION_FORMAT = "dwarf-with-dsym";
				ENABLE_NS_ASSERTIONS = NO;
				ENABLE_STRICT_OBJC_MSGSEND = YES;
				GCC_C_LANGUAGE_STANDARD = gnu11;
				GCC_NO_COMMON_BLOCKS = YES;
				GCC_WARN_64_TO_32_BIT_CONVERSION = YES;
				GCC_WARN_ABOUT_RETURN_TYPE = YES_ERROR;
				GCC_WARN_UNDECLARED_SELECTOR = YES;
				GCC_WARN_UNINITIALIZED_AUTOS = YES_AGGRESSIVE;
				GCC_WARN_UNUSED_FUNCTION = YES;
				GCC_WARN_UNUSED_VARIABLE = YES;
				IPHONEOS_DEPLOYMENT_TARGET = 16.1;
				MTL_ENABLE_DEBUG_INFO = NO;
				MTL_FAST_MATH = YES;
				SDKROOT = iphoneos;
				SWIFT_COMPILATION_MODE = wholemodule;
				SWIFT_OPTIMIZATION_LEVEL = "-O";
				VALIDATE_PRODUCT = YES;
			};
			name = Release;
		};
		685491B829937F43003957EE /* Debug */ = {
			isa = XCBuildConfiguration;
			baseConfigurationReference = F030D7D1DADD884FBD78DE20 /* Pods-CompositionalCollectionView.debug.xcconfig */;
			buildSettings = {
				ASSETCATALOG_COMPILER_APPICON_NAME = AppIcon;
				ASSETCATALOG_COMPILER_GLOBAL_ACCENT_COLOR_NAME = AccentColor;
				CODE_SIGN_STYLE = Automatic;
				CURRENT_PROJECT_VERSION = 1;
				DEVELOPMENT_TEAM = L8AX56G69N;
				GENERATE_INFOPLIST_FILE = YES;
				INFOPLIST_FILE = CompositionalCollectionView/Info.plist;
				INFOPLIST_KEY_UIApplicationSupportsIndirectInputEvents = YES;
				INFOPLIST_KEY_UILaunchStoryboardName = LaunchScreen;
				INFOPLIST_KEY_UIMainStoryboardFile = Main;
				INFOPLIST_KEY_UISupportedInterfaceOrientations_iPad = "UIInterfaceOrientationPortrait UIInterfaceOrientationPortraitUpsideDown UIInterfaceOrientationLandscapeLeft UIInterfaceOrientationLandscapeRight";
				INFOPLIST_KEY_UISupportedInterfaceOrientations_iPhone = "UIInterfaceOrientationPortrait UIInterfaceOrientationLandscapeLeft UIInterfaceOrientationLandscapeRight";
				IPHONEOS_DEPLOYMENT_TARGET = 14.0;
				LD_RUNPATH_SEARCH_PATHS = (
					"$(inherited)",
					"@executable_path/Frameworks",
				);
				MARKETING_VERSION = 1.0;
				PRODUCT_BUNDLE_IDENTIFIER = net.openobject.CompositionalCollectionView;
				PRODUCT_NAME = "$(TARGET_NAME)";
				SWIFT_EMIT_LOC_STRINGS = YES;
				SWIFT_VERSION = 5.0;
				TARGETED_DEVICE_FAMILY = "1,2";
			};
			name = Debug;
		};
		685491B929937F43003957EE /* Release */ = {
			isa = XCBuildConfiguration;
			baseConfigurationReference = 960341FE360A26FE3C8760CF /* Pods-CompositionalCollectionView.release.xcconfig */;
			buildSettings = {
				ASSETCATALOG_COMPILER_APPICON_NAME = AppIcon;
				ASSETCATALOG_COMPILER_GLOBAL_ACCENT_COLOR_NAME = AccentColor;
				CODE_SIGN_STYLE = Automatic;
				CURRENT_PROJECT_VERSION = 1;
				DEVELOPMENT_TEAM = L8AX56G69N;
				GENERATE_INFOPLIST_FILE = YES;
				INFOPLIST_FILE = CompositionalCollectionView/Info.plist;
				INFOPLIST_KEY_UIApplicationSupportsIndirectInputEvents = YES;
				INFOPLIST_KEY_UILaunchStoryboardName = LaunchScreen;
				INFOPLIST_KEY_UIMainStoryboardFile = Main;
				INFOPLIST_KEY_UISupportedInterfaceOrientations_iPad = "UIInterfaceOrientationPortrait UIInterfaceOrientationPortraitUpsideDown UIInterfaceOrientationLandscapeLeft UIInterfaceOrientationLandscapeRight";
				INFOPLIST_KEY_UISupportedInterfaceOrientations_iPhone = "UIInterfaceOrientationPortrait UIInterfaceOrientationLandscapeLeft UIInterfaceOrientationLandscapeRight";
				IPHONEOS_DEPLOYMENT_TARGET = 14.0;
				LD_RUNPATH_SEARCH_PATHS = (
					"$(inherited)",
					"@executable_path/Frameworks",
				);
				MARKETING_VERSION = 1.0;
				PRODUCT_BUNDLE_IDENTIFIER = net.openobject.CompositionalCollectionView;
				PRODUCT_NAME = "$(TARGET_NAME)";
				SWIFT_EMIT_LOC_STRINGS = YES;
				SWIFT_VERSION = 5.0;
				TARGETED_DEVICE_FAMILY = "1,2";
			};
			name = Release;
		};
/* End XCBuildConfiguration section */

/* Begin XCConfigurationList section */
		6854919E29937F40003957EE /* Build configuration list for PBXProject "CompositionalCollectionView" */ = {
			isa = XCConfigurationList;
			buildConfigurations = (
				685491B529937F43003957EE /* Debug */,
				685491B629937F43003957EE /* Release */,
			);
			defaultConfigurationIsVisible = 0;
			defaultConfigurationName = Release;
		};
		685491B729937F43003957EE /* Build configuration list for PBXNativeTarget "CompositionalCollectionView" */ = {
			isa = XCConfigurationList;
			buildConfigurations = (
				685491B829937F43003957EE /* Debug */,
				685491B929937F43003957EE /* Release */,
			);
			defaultConfigurationIsVisible = 0;
			defaultConfigurationName = Release;
		};
/* End XCConfigurationList section */
	};
	rootObject = 6854919B29937F40003957EE /* Project object */;
}
